
Microsoft Visual Studio Solution File, Format Version 12.00
# Visual Studio Version 17
VisualStudioVersion = 17.8.34330.188
MinimumVisualStudioVersion = 10.0.40219.1
Project("{FAE04EC0-301F-11D3-BF4B-00C04F79EFBC}") = "caesar cipher", "caesar cipher.csproj", "{87DBB518-A330-418D-BC1A-08DAC06698A4}"
EndProject
Global
	GlobalSection(SolutionConfigurationPlatforms) = preSolution
		Debug|Any CPU = Debug|Any CPU
		Release|Any CPU = Release|Any CPU
	EndGlobalSection
	GlobalSection(ProjectConfigurationPlatforms) = postSolution
		{87DBB518-A330-418D-BC1A-08DAC06698A4}.Debug|Any CPU.ActiveCfg = Debug|Any CPU
		{87DBB518-A330-418D-BC1A-08DAC06698A4}.Debug|Any CPU.Build.0 = Debug|Any CPU
		{87DBB518-A330-418D-BC1A-08DAC06698A4}.Release|Any CPU.ActiveCfg = Release|Any CPU
		{87DBB518-A330-418D-BC1A-08DAC06698A4}.Release|Any CPU.Build.0 = Release|Any CPU
	EndGlobalSection
	GlobalSection(SolutionProperties) = preSolution
		HideSolutionNode = FALSE
	EndGlobalSection
	GlobalSection(ExtensibilityGlobals) = postSolution
		SolutionGuid = {BE184C46-F037-405D-8454-0B30FB824F0F}
	EndGlobalSection
EndGlobal
